
Microsoft Visual Studio Solution File, Format Version 12.00
Project("{FAE04EC0-301F-11D3-BF4B-00C04F79EFBC}") = "DroneGuardSystem", "DroneGuardSystem\DroneGuardSystem.csproj", "{3DE6D56D-FB47-4522-9E73-C9703E6F590A}"
EndProject
Global
	GlobalSection(SolutionConfigurationPlatforms) = preSolution
		Debug|Any CPU = Debug|Any CPU
		Release|Any CPU = Release|Any CPU
	EndGlobalSection
	GlobalSection(ProjectConfigurationPlatforms) = postSolution
		{3DE6D56D-FB47-4522-9E73-C9703E6F590A}.Debug|Any CPU.ActiveCfg = Debug|Any CPU
		{3DE6D56D-FB47-4522-9E73-C9703E6F590A}.Debug|Any CPU.Build.0 = Debug|Any CPU
		{3DE6D56D-FB47-4522-9E73-C9703E6F590A}.Release|Any CPU.ActiveCfg = Release|Any CPU
		{3DE6D56D-FB47-4522-9E73-C9703E6F590A}.Release|Any CPU.Build.0 = Release|Any CPU
	EndGlobalSection
EndGlobal
